// !$*UTF8*$!
{
	archiveVersion = 1;
	classes = {
	};
	objectVersion = 56;
	objects = {

/* Begin PBXBuildFile section */
		D2035A6C2BC384CA0054E5E7 /* WordModel.swift in Sources */ = {isa = PBXBuildFile; fileRef = D2035A6B2BC384CA0054E5E7 /* WordModel.swift */; };
		D21A1D032BC37B2A00EB15A7 /* MyDictionaryApp.swift in Sources */ = {isa = PBXBuildFile; fileRef = D21A1D022BC37B2A00EB15A7 /* MyDictionaryApp.swift */; };
		D21A1D052BC37B2A00EB15A7 /* ContentView.swift in Sources */ = {isa = PBXBuildFile; fileRef = D21A1D042BC37B2A00EB15A7 /* ContentView.swift */; };
		D21A1D072BC37B2D00EB15A7 /* Assets.xcassets in Resources */ = {isa = PBXBuildFile; fileRef = D21A1D062BC37B2D00EB15A7 /* Assets.xcassets */; };
		D21A1D0A2BC37B2D00EB15A7 /* Preview Assets.xcassets in Resources */ = {isa = PBXBuildFile; fileRef = D21A1D092BC37B2D00EB15A7 /* Preview Assets.xcassets */; };
		D22F430F2BC37D6600740E18 /* Search.swift in Sources */ = {isa = PBXBuildFile; fileRef = D22F430E2BC37D6600740E18 /* Search.swift */; };
		D22F43112BC3810600740E18 /* Word.swift in Sources */ = {isa = PBXBuildFile; fileRef = D22F43102BC3810600740E18 /* Word.swift */; };
		D22F43162BC382F400740E18 /* WordVM.swift in Sources */ = {isa = PBXBuildFile; fileRef = D22F43152BC382F400740E18 /* WordVM.swift */; };
		D22F43192BC3831D00740E18 /* Alamofire in Frameworks */ = {isa = PBXBuildFile; productRef = D22F43182BC3831D00740E18 /* Alamofire */; };
		D22F431B2BC3831D00740E18 /* AlamofireDynamic in Frameworks */ = {isa = PBXBuildFile; productRef = D22F431A2BC3831D00740E18 /* AlamofireDynamic */; };
/* End PBXBuildFile section */

/* Begin PBXFileReference section */
		D2035A6B2BC384CA0054E5E7 /* WordModel.swift */ = {isa = PBXFileReference; lastKnownFileType = sourcecode.swift; path = WordModel.swift; sourceTree = "<group>"; };
		D21A1CFF2BC37B2A00EB15A7 /* MyDictionary.app */ = {isa = PBXFileReference; explicitFileType = wrapper.application; includeInIndex = 0; path = MyDictionary.app; sourceTree = BUILT_PRODUCTS_DIR; };
		D21A1D022BC37B2A00EB15A7 /* MyDictionaryApp.swift */ = {isa = PBXFileReference; lastKnownFileType = sourcecode.swift; path = MyDictionaryApp.swift; sourceTree = "<group>"; };
		D21A1D042BC37B2A00EB15A7 /* ContentView.swift */ = {isa = PBXFileReference; lastKnownFileType = sourcecode.swift; path = ContentView.swift; sourceTree = "<group>"; };
		D21A1D062BC37B2D00EB15A7 /* Assets.xcassets */ = {isa = PBXFileReference; lastKnownFileType = folder.assetcatalog; path = Assets.xcassets; sourceTree = "<group>"; };
		D21A1D092BC37B2D00EB15A7 /* Preview Assets.xcassets */ = {isa = PBXFileReference; lastKnownFileType = folder.assetcatalog; path = "Preview Assets.xcassets"; sourceTree = "<group>"; };
		D22F430E2BC37D6600740E18 /* Search.swift */ = {isa = PBXFileReference; lastKnownFileType = sourcecode.swift; path = Search.swift; sourceTree = "<group>"; };
		D22F43102BC3810600740E18 /* Word.swift */ = {isa = PBXFileReference; lastKnownFileType = sourcecode.swift; path = Word.swift; sourceTree = "<group>"; };
		D22F43152BC382F400740E18 /* WordVM.swift */ = {isa = PBXFileReference; lastKnownFileType = sourcecode.swift; path = WordVM.swift; sourceTree = "<group>"; };
/* End PBXFileReference section */

/* Begin PBXFrameworksBuildPhase section */
		D21A1CFC2BC37B2A00EB15A7 /* Frameworks */ = {
			isa = PBXFrameworksBuildPhase;
			buildActionMask = 2147483647;
			files = (
				D22F43192BC3831D00740E18 /* Alamofire in Frameworks */,
				D22F431B2BC3831D00740E18 /* AlamofireDynamic in Frameworks */,
			);
			runOnlyForDeploymentPostprocessing = 0;
		};
/* End PBXFrameworksBuildPhase section */

/* Begin PBXGroup section */
		D21A1CF62BC37B2A00EB15A7 = {
			isa = PBXGroup;
			children = (
				D21A1D012BC37B2A00EB15A7 /* MyDictionary */,
				D21A1D002BC37B2A00EB15A7 /* Products */,
			);
			sourceTree = "<group>";
		};
		D21A1D002BC37B2A00EB15A7 /* Products */ = {
			isa = PBXGroup;
			children = (
				D21A1CFF2BC37B2A00EB15A7 /* MyDictionary.app */,
			);
			name = Products;
			sourceTree = "<group>";
		};
		D21A1D012BC37B2A00EB15A7 /* MyDictionary */ = {
			isa = PBXGroup;
			children = (
				D22F43142BC382D100740E18 /* Model */,
				D22F43132BC382CB00740E18 /* ViewModel */,
				D22F43122BC3824D00740E18 /* View */,
				D21A1D022BC37B2A00EB15A7 /* MyDictionaryApp.swift */,
				D21A1D042BC37B2A00EB15A7 /* ContentView.swift */,
				D21A1D062BC37B2D00EB15A7 /* Assets.xcassets */,
				D21A1D082BC37B2D00EB15A7 /* Preview Content */,
			);
			path = MyDictionary;
			sourceTree = "<group>";
		};
		D21A1D082BC37B2D00EB15A7 /* Preview Content */ = {
			isa = PBXGroup;
			children = (
				D21A1D092BC37B2D00EB15A7 /* Preview Assets.xcassets */,
			);
			path = "Preview Content";
			sourceTree = "<group>";
		};
		D22F43122BC3824D00740E18 /* View */ = {
			isa = PBXGroup;
			children = (
				D22F430E2BC37D6600740E18 /* Search.swift */,
				D22F43102BC3810600740E18 /* Word.swift */,
			);
			path = View;
			sourceTree = "<group>";
		};
		D22F43132BC382CB00740E18 /* ViewModel */ = {
			isa = PBXGroup;
			children = (
				D22F43152BC382F400740E18 /* WordVM.swift */,
			);
			path = ViewModel;
			sourceTree = "<group>";
		};
		D22F43142BC382D100740E18 /* Model */ = {
			isa = PBXGroup;
			children = (
				D2035A6B2BC384CA0054E5E7 /* WordModel.swift */,
			);
			path = Model;
			sourceTree = "<group>";
		};
/* End PBXGroup section */

/* Begin PBXNativeTarget section */
		D21A1CFE2BC37B2A00EB15A7 /* MyDictionary */ = {
			isa = PBXNativeTarget;
			buildConfigurationList = D21A1D0D2BC37B2D00EB15A7 /* Build configuration list for PBXNativeTarget "MyDictionary" */;
			buildPhases = (
				D21A1CFB2BC37B2A00EB15A7 /* Sources */,
				D21A1CFC2BC37B2A00EB15A7 /* Frameworks */,
				D21A1CFD2BC37B2A00EB15A7 /* Resources */,
			);
			buildRules = (
			);
			dependencies = (
			);
			name = MyDictionary;
			packageProductDependencies = (
				D22F43182BC3831D00740E18 /* Alamofire */,
				D22F431A2BC3831D00740E18 /* AlamofireDynamic */,
			);
			productName = MyDictionary;
			productReference = D21A1CFF2BC37B2A00EB15A7 /* MyDictionary.app */;
			productType = "com.apple.product-type.application";
		};
/* End PBXNativeTarget section */

/* Begin PBXProject section */
		D21A1CF72BC37B2A00EB15A7 /* Project object */ = {
			isa = PBXProject;
			attributes = {
				BuildIndependentTargetsInParallel = 1;
				LastSwiftUpdateCheck = 1530;
				LastUpgradeCheck = 1530;
				TargetAttributes = {
					D21A1CFE2BC37B2A00EB15A7 = {
						CreatedOnToolsVersion = 15.3;
					};
				};
			};
			buildConfigurationList = D21A1CFA2BC37B2A00EB15A7 /* Build configuration list for PBXProject "MyDictionary" */;
			compatibilityVersion = "Xcode 14.0";
			developmentRegion = en;
			hasScannedForEncodings = 0;
			knownRegions = (
				en,
				Base,
			);
			mainGroup = D21A1CF62BC37B2A00EB15A7;
			packageReferences = (
				D22F43172BC3831D00740E18 /* XCRemoteSwiftPackageReference "Alamofire" */,
			);
			productRefGroup = D21A1D002BC37B2A00EB15A7 /* Products */;
			projectDirPath = "";
			projectRoot = "";
			targets = (
				D21A1CFE2BC37B2A00EB15A7 /* MyDictionary */,
			);
		};
/* End PBXProject section */

/* Begin PBXResourcesBuildPhase section */
		D21A1CFD2BC37B2A00EB15A7 /* Resources */ = {
			isa = PBXResourcesBuildPhase;
			buildActionMask = 2147483647;
			files = (
				D21A1D0A2BC37B2D00EB15A7 /* Preview Assets.xcassets in Resources */,
				D21A1D072BC37B2D00EB15A7 /* Assets.xcassets in Resources */,
			);
			runOnlyForDeploymentPostprocessing = 0;
		};
/* End PBXResourcesBuildPhase section */

/* Begin PBXSourcesBuildPhase section */
		D21A1CFB2BC37B2A00EB15A7 /* Sources */ = {
			isa = PBXSourcesBuildPhase;
			buildActionMask = 2147483647;
			files = (
				D22F430F2BC37D6600740E18 /* Search.swift in Sources */,
				D2035A6C2BC384CA0054E5E7 /* WordModel.swift in Sources */,
				D22F43162BC382F400740E18 /* WordVM.swift in Sources */,
				D22F43112BC3810600740E18 /* Word.swift in Sources */,
				D21A1D052BC37B2A00EB15A7 /* ContentView.swift in Sources */,
				D21A1D032BC37B2A00EB15A7 /* MyDictionaryApp.swift in Sources */,
			);
			runOnlyForDeploymentPostprocessing = 0;
		};
/* End PBXSourcesBuildPhase section */

/* Begin XCBuildConfiguration section */
		D21A1D0B2BC37B2D00EB15A7 /* Debug */ = {
			isa = XCBuildConfiguration;
			buildSettings = {
				ALWAYS_SEARCH_USER_PATHS = NO;
				ASSETCATALOG_COMPILER_GENERATE_SWIFT_ASSET_SYMBOL_EXTENSIONS = YES;
				CLANG_ANALYZER_NONNULL = YES;
				CLANG_ANALYZER_NUMBER_OBJECT_CONVERSION = YES_AGGRESSIVE;
				CLANG_CXX_LANGUAGE_STANDARD = "gnu++20";
				CLANG_ENABLE_MODULES = YES;
				CLANG_ENABLE_OBJC_ARC = YES;
				CLANG_ENABLE_OBJC_WEAK = YES;
				CLANG_WARN_BLOCK_CAPTURE_AUTORELEASING = YES;
				CLANG_WARN_BOOL_CONVERSION = YES;
				CLANG_WARN_COMMA = YES;
				CLANG_WARN_CONSTANT_CONVERSION = YES;
				CLANG_WARN_DEPRECATED_OBJC_IMPLEMENTATIONS = YES;
				CLANG_WARN_DIRECT_OBJC_ISA_USAGE = YES_ERROR;
				CLANG_WARN_DOCUMENTATION_COMMENTS = YES;
				CLANG_WARN_EMPTY_BODY = YES;
				CLANG_WARN_ENUM_CONVERSION = YES;
				CLANG_WARN_INFINITE_RECURSION = YES;
				CLANG_WARN_INT_CONVERSION = YES;
				CLANG_WARN_NON_LITERAL_NULL_CONVERSION = YES;
				CLANG_WARN_OBJC_IMPLICIT_RETAIN_SELF = YES;
				CLANG_WARN_OBJC_LITERAL_CONVERSION = YES;
				CLANG_WARN_OBJC_ROOT_CLASS = YES_ERROR;
				CLANG_WARN_QUOTED_INCLUDE_IN_FRAMEWORK_HEADER = YES;
				CLANG_WARN_RANGE_LOOP_ANALYSIS = YES;
				CLANG_WARN_STRICT_PROTOTYPES = YES;
				CLANG_WARN_SUSPICIOUS_MOVE = YES;
				CLANG_WARN_UNGUARDED_AVAILABILITY = YES_AGGRESSIVE;
				CLANG_WARN_UNREACHABLE_CODE = YES;
				CLANG_WARN__DUPLICATE_METHOD_MATCH = YES;
				COPY_PHASE_STRIP = NO;
				DEBUG_INFORMATION_FORMAT = dwarf;
				ENABLE_STRICT_OBJC_MSGSEND = YES;
				ENABLE_TESTABILITY = YES;
				ENABLE_USER_SCRIPT_SANDBOXING = YES;
				GCC_C_LANGUAGE_STANDARD = gnu17;
				GCC_DYNAMIC_NO_PIC = NO;
				GCC_NO_COMMON_BLOCKS = YES;
				GCC_OPTIMIZATION_LEVEL = 0;
				GCC_PREPROCESSOR_DEFINITIONS = (
					"DEBUG=1",
					"$(inherited)",
				);
				GCC_WARN_64_TO_32_BIT_CONVERSION = YES;
				GCC_WARN_ABOUT_RETURN_TYPE = YES_ERROR;
				GCC_WARN_UNDECLARED_SELECTOR = YES;
				GCC_WARN_UNINITIALIZED_AUTOS = YES_AGGRESSIVE;
				GCC_WARN_UNUSED_FUNCTION = YES;
				GCC_WARN_UNUSED_VARIABLE = YES;
				IPHONEOS_DEPLOYMENT_TARGET = 17.4;
				LOCALIZATION_PREFERS_STRING_CATALOGS = YES;
				MTL_ENABLE_DEBUG_INFO = INCLUDE_SOURCE;
				MTL_FAST_MATH = YES;
				ONLY_ACTIVE_ARCH = YES;
				SDKROOT = iphoneos;
				SWIFT_ACTIVE_COMPILATION_CONDITIONS = "DEBUG $(inherited)";
				SWIFT_OPTIMIZATION_LEVEL = "-Onone";
			};
			name = Debug;
		};
		D21A1D0C2BC37B2D00EB15A7 /* Release */ = {
			isa = XCBuildConfiguration;
			buildSettings = {
				ALWAYS_SEARCH_USER_PATHS = NO;
				ASSETCATALOG_COMPILER_GENERATE_SWIFT_ASSET_SYMBOL_EXTENSIONS = YES;
				CLANG_ANALYZER_NONNULL = YES;
				CLANG_ANALYZER_NUMBER_OBJECT_CONVERSION = YES_AGGRESSIVE;
				CLANG_CXX_LANGUAGE_STANDARD = "gnu++20";
				CLANG_ENABLE_MODULES = YES;
				CLANG_ENABLE_OBJC_ARC = YES;
				CLANG_ENABLE_OBJC_WEAK = YES;
				CLANG_WARN_BLOCK_CAPTURE_AUTORELEASING = YES;
				CLANG_WARN_BOOL_CONVERSION = YES;
				CLANG_WARN_COMMA = YES;
				CLANG_WARN_CONSTANT_CONVERSION = YES;
				CLANG_WARN_DEPRECATED_OBJC_IMPLEMENTATIONS = YES;
				CLANG_WARN_DIRECT_OBJC_ISA_USAGE = YES_ERROR;
				CLANG_WARN_DOCUMENTATION_COMMENTS = YES;
				CLANG_WARN_EMPTY_BODY = YES;
				CLANG_WARN_ENUM_CONVERSION = YES;
				CLANG_WARN_INFINITE_RECURSION = YES;
				CLANG_WARN_INT_CONVERSION = YES;
				CLANG_WARN_NON_LITERAL_NULL_CONVERSION = YES;
				CLANG_WARN_OBJC_IMPLICIT_RETAIN_SELF = YES;
				CLANG_WARN_OBJC_LITERAL_CONVERSION = YES;
				CLANG_WARN_OBJC_ROOT_CLASS = YES_ERROR;
				CLANG_WARN_QUOTED_INCLUDE_IN_FRAMEWORK_HEADER = YES;
				CLANG_WARN_RANGE_LOOP_ANALYSIS = YES;
				CLANG_WARN_STRICT_PROTOTYPES = YES;
				CLANG_WARN_SUSPICIOUS_MOVE = YES;
				CLANG_WARN_UNGUARDED_AVAILABILITY = YES_AGGRESSIVE;
				CLANG_WARN_UNREACHABLE_CODE = YES;
				CLANG_WARN__DUPLICATE_METHOD_MATCH = YES;
				COPY_PHASE_STRIP = NO;
				DEBUG_INFORMATION_FORMAT = "dwarf-with-dsym";
				ENABLE_NS_ASSERTIONS = NO;
				ENABLE_STRICT_OBJC_MSGSEND = YES;
				ENABLE_USER_SCRIPT_SANDBOXING = YES;
				GCC_C_LANGUAGE_STANDARD = gnu17;
				GCC_NO_COMMON_BLOCKS = YES;
				GCC_WARN_64_TO_32_BIT_CONVERSION = YES;
				GCC_WARN_ABOUT_RETURN_TYPE = YES_ERROR;
				GCC_WARN_UNDECLARED_SELECTOR = YES;
				GCC_WARN_UNINITIALIZED_AUTOS = YES_AGGRESSIVE;
				GCC_WARN_UNUSED_FUNCTION = YES;
				GCC_WARN_UNUSED_VARIABLE = YES;
				IPHONEOS_DEPLOYMENT_TARGET = 17.4;
				LOCALIZATION_PREFERS_STRING_CATALOGS = YES;
				MTL_ENABLE_DEBUG_INFO = NO;
				MTL_FAST_MATH = YES;
				SDKROOT = iphoneos;
				SWIFT_COMPILATION_MODE = wholemodule;
				VALIDATE_PRODUCT = YES;
			};
			name = Release;
		};
		D21A1D0E2BC37B2D00EB15A7 /* Debug */ = {
			isa = XCBuildConfiguration;
			buildSettings = {
				ASSETCATALOG_COMPILER_APPICON_NAME = AppIcon;
				ASSETCATALOG_COMPILER_GLOBAL_ACCENT_COLOR_NAME = AccentColor;
				CODE_SIGN_STYLE = Automatic;
				CURRENT_PROJECT_VERSION = 1;
				DEVELOPMENT_ASSET_PATHS = "\"MyDictionary/Preview Content\"";
				DEVELOPMENT_TEAM = KA6DM975X6;
				ENABLE_PREVIEWS = YES;
				GENERATE_INFOPLIST_FILE = YES;
				INFOPLIST_KEY_UIApplicationSceneManifest_Generation = YES;
				INFOPLIST_KEY_UIApplicationSupportsIndirectInputEvents = YES;
				INFOPLIST_KEY_UILaunchScreen_Generation = YES;
				INFOPLIST_KEY_UISupportedInterfaceOrientations_iPad = "UIInterfaceOrientationPortrait UIInterfaceOrientationPortraitUpsideDown UIInterfaceOrientationLandscapeLeft UIInterfaceOrientationLandscapeRight";
				INFOPLIST_KEY_UISupportedInterfaceOrientations_iPhone = "UIInterfaceOrientationPortrait UIInterfaceOrientationLandscapeLeft UIInterfaceOrientationLandscapeRight";
				LD_RUNPATH_SEARCH_PATHS = (
					"$(inherited)",
					"@executable_path/Frameworks",
				);
				MARKETING_VERSION = 1.0;
				PRODUCT_BUNDLE_IDENTIFIER = "com.-.anagha.MyDictionary";
				PRODUCT_NAME = "$(TARGET_NAME)";
				SWIFT_EMIT_LOC_STRINGS = YES;
				SWIFT_VERSION = 5.0;
				TARGETED_DEVICE_FAMILY = "1,2";
			};
			name = Debug;
		};
		D21A1D0F2BC37B2D00EB15A7 /* Release */ = {
			isa = XCBuildConfiguration;
			buildSettings = {
				ASSETCATALOG_COMPILER_APPICON_NAME = AppIcon;
				ASSETCATALOG_COMPILER_GLOBAL_ACCENT_COLOR_NAME = AccentColor;
				CODE_SIGN_STYLE = Automatic;
				CURRENT_PROJECT_VERSION = 1;
				DEVELOPMENT_ASSET_PATHS = "\"MyDictionary/Preview Content\"";
				DEVELOPMENT_TEAM = KA6DM975X6;
				ENABLE_PREVIEWS = YES;
				GENERATE_INFOPLIST_FILE = YES;
				INFOPLIST_KEY_UIApplicationSceneManifest_Generation = YES;
				INFOPLIST_KEY_UIApplicationSupportsIndirectInputEvents = YES;
				INFOPLIST_KEY_UILaunchScreen_Generation = YES;
				INFOPLIST_KEY_UISupportedInterfaceOrientations_iPad = "UIInterfaceOrientationPortrait UIInterfaceOrientationPortraitUpsideDown UIInterfaceOrientationLandscapeLeft UIInterfaceOrientationLandscapeRight";
				INFOPLIST_KEY_UISupportedInterfaceOrientations_iPhone = "UIInterfaceOrientationPortrait UIInterfaceOrientationLandscapeLeft UIInterfaceOrientationLandscapeRight";
				LD_RUNPATH_SEARCH_PATHS = (
					"$(inherited)",
					"@executable_path/Frameworks",
				);
				MARKETING_VERSION = 1.0;
				PRODUCT_BUNDLE_IDENTIFIER = "com.-.anagha.MyDictionary";
				PRODUCT_NAME = "$(TARGET_NAME)";
				SWIFT_EMIT_LOC_STRINGS = YES;
				SWIFT_VERSION = 5.0;
				TARGETED_DEVICE_FAMILY = "1,2";
			};
			name = Release;
		};
/* End XCBuildConfiguration section */

/* Begin XCConfigurationList section */
		D21A1CFA2BC37B2A00EB15A7 /* Build configuration list for PBXProject "MyDictionary" */ = {
			isa = XCConfigurationList;
			buildConfigurations = (
				D21A1D0B2BC37B2D00EB15A7 /* Debug */,
				D21A1D0C2BC37B2D00EB15A7 /* Release */,
			);
			defaultConfigurationIsVisible = 0;
			defaultConfigurationName = Release;
		};
		D21A1D0D2BC37B2D00EB15A7 /* Build configuration list for PBXNativeTarget "MyDictionary" */ = {
			isa = XCConfigurationList;
			buildConfigurations = (
				D21A1D0E2BC37B2D00EB15A7 /* Debug */,
				D21A1D0F2BC37B2D00EB15A7 /* Release */,
			);
			defaultConfigurationIsVisible = 0;
			defaultConfigurationName = Release;
		};
/* End XCConfigurationList section */

/* Begin XCRemoteSwiftPackageReference section */
		D22F43172BC3831D00740E18 /* XCRemoteSwiftPackageReference "Alamofire" */ = {
			isa = XCRemoteSwiftPackageReference;
			repositoryURL = "https://github.com/Alamofire/Alamofire";
			requirement = {
				kind = upToNextMajorVersion;
				minimumVersion = 5.9.1;
			};
		};
/* End XCRemoteSwiftPackageReference section */

/* Begin XCSwiftPackageProductDependency section */
		D22F43182BC3831D00740E18 /* Alamofire */ = {
			isa = XCSwiftPackageProductDependency;
			package = D22F43172BC3831D00740E18 /* XCRemoteSwiftPackageReference "Alamofire" */;
			productName = Alamofire;
		};
		D22F431A2BC3831D00740E18 /* AlamofireDynamic */ = {
			isa = XCSwiftPackageProductDependency;
			package = D22F43172BC3831D00740E18 /* XCRemoteSwiftPackageReference "Alamofire" */;
			productName = AlamofireDynamic;
		};
/* End XCSwiftPackageProductDependency section */
	};
	rootObject = D21A1CF72BC37B2A00EB15A7 /* Project object */;
}
